
Microsoft Visual Studio Solution File, Format Version 12.00
# Visual Studio Version 16
VisualStudioVersion = 16.0.30114.105
MinimumVisualStudioVersion = 15.0.26124.0
Project("{2150E333-8FDC-42A3-9474-1A3956D46DE8}") = "src", "src", "{52138D27-266C-41DA-A191-E02742A972FD}"
EndProject
Project("{2150E333-8FDC-42A3-9474-1A3956D46DE8}") = "Services", "Services", "{26361785-A9EB-460E-A98C-A59BC531BFED}"
EndProject
Project("{2150E333-8FDC-42A3-9474-1A3956D46DE8}") = "Customer", "Customer", "{1F845F16-BF0D-4418-B0C9-C3E77B508AB1}"
EndProject
Project("{9A19103F-16F7-4668-BE54-9A1E7A4F7556}") = "YunStorm.MoCRM.Customer.API", "src\Services\Customer\YunStorm.MoCRM.Customer.API\YunStorm.MoCRM.Customer.API.csproj", "{6D72F6E5-CCCD-4F8B-901A-C8555773F8DB}"
EndProject
Project("{9A19103F-16F7-4668-BE54-9A1E7A4F7556}") = "YunStorm.MoCRM.Customer.Application", "src\Services\Customer\YunStorm.MoCRM.Customer.Application\YunStorm.MoCRM.Customer.Application.csproj", "{7DF7D124-41D7-4F6B-AC76-15A93ED631B4}"
EndProject
Project("{9A19103F-16F7-4668-BE54-9A1E7A4F7556}") = "YunStorm.MoCRM.Customer.Application.Contracts", "src\Services\Customer\YunStorm.MoCRM.Customer.Application.Contracts\YunStorm.MoCRM.Customer.Application.Contracts.csproj", "{85836819-D57D-4291-9C0A-F4AE6B6FA121}"
EndProject
Project("{9A19103F-16F7-4668-BE54-9A1E7A4F7556}") = "YunStorm.MoCRM.Customer.Domain", "src\Services\Customer\YunStorm.MoCRM.Customer.Domain\YunStorm.MoCRM.Customer.Domain.csproj", "{AE612756-A6C0-401F-8BB7-994E9351A023}"
EndProject
Project("{9A19103F-16F7-4668-BE54-9A1E7A4F7556}") = "YunStorm.MoCRM.Customer.Domain.Shared", "src\Services\Customer\YunStorm.MoCRM.Customer.Domain.Shared\YunStorm.MoCRM.Customer.Domain.Shared.csproj", "{9F8B797E-CA14-4B96-BEDB-FA707EA548FB}"
EndProject
Project("{9A19103F-16F7-4668-BE54-9A1E7A4F7556}") = "YunStorm.MoCRM.Customer.EntityFrameworkCore", "src\Services\Customer\YunStorm.MoCRM.Customer.EntityFrameworkCore\YunStorm.MoCRM.Customer.EntityFrameworkCore.csproj", "{4E8913FD-5686-4324-9269-C209369E4AB5}"
EndProject
Project("{9A19103F-16F7-4668-BE54-9A1E7A4F7556}") = "YunStorm.MoCRM.Customer.EntityFrameworkCore.DbMigrations", "src\Services\Customer\YunStorm.MoCRM.Customer.EntityFrameworkCore.DbMigrations\YunStorm.MoCRM.Customer.EntityFrameworkCore.DbMigrations.csproj", "{2F44ACB7-4012-4D56-BF80-E3F7E932A980}"
EndProject
Project("{2150E333-8FDC-42A3-9474-1A3956D46DE8}") = "BuildingBlocks", "BuildingBlocks", "{B5C53419-8494-4DF4-BECD-02A8969AD4B9}"
EndProject
Project("{FAE04EC0-301F-11D3-BF4B-00C04F79EFBC}") = "YunStorm.MoCRM.BuildingBlocks.Common", "src\BuildingBlocks\YunStorm.MoCRM.BuildingBlocks.Common\YunStorm.MoCRM.BuildingBlocks.Common.csproj", "{18A2D09C-49D4-4FAF-907E-5FE9ABC8158F}"
EndProject
Global
	GlobalSection(SolutionConfigurationPlatforms) = preSolution
		Debug|Any CPU = Debug|Any CPU
		Debug|x64 = Debug|x64
		Debug|x86 = Debug|x86
		Release|Any CPU = Release|Any CPU
		Release|x64 = Release|x64
		Release|x86 = Release|x86
	EndGlobalSection
	GlobalSection(ProjectConfigurationPlatforms) = postSolution
		{6D72F6E5-CCCD-4F8B-901A-C8555773F8DB}.Debug|Any CPU.ActiveCfg = Debug|Any CPU
		{6D72F6E5-CCCD-4F8B-901A-C8555773F8DB}.Debug|Any CPU.Build.0 = Debug|Any CPU
		{6D72F6E5-CCCD-4F8B-901A-C8555773F8DB}.Debug|x64.ActiveCfg = Debug|Any CPU
		{6D72F6E5-CCCD-4F8B-901A-C8555773F8DB}.Debug|x64.Build.0 = Debug|Any CPU
		{6D72F6E5-CCCD-4F8B-901A-C8555773F8DB}.Debug|x86.ActiveCfg = Debug|Any CPU
		{6D72F6E5-CCCD-4F8B-901A-C8555773F8DB}.Debug|x86.Build.0 = Debug|Any CPU
		{6D72F6E5-CCCD-4F8B-901A-C8555773F8DB}.Release|Any CPU.ActiveCfg = Release|Any CPU
		{6D72F6E5-CCCD-4F8B-901A-C8555773F8DB}.Release|Any CPU.Build.0 = Release|Any CPU
		{6D72F6E5-CCCD-4F8B-901A-C8555773F8DB}.Release|x64.ActiveCfg = Release|Any CPU
		{6D72F6E5-CCCD-4F8B-901A-C8555773F8DB}.Release|x64.Build.0 = Release|Any CPU
		{6D72F6E5-CCCD-4F8B-901A-C8555773F8DB}.Release|x86.ActiveCfg = Release|Any CPU
		{6D72F6E5-CCCD-4F8B-901A-C8555773F8DB}.Release|x86.Build.0 = Release|Any CPU
		{7DF7D124-41D7-4F6B-AC76-15A93ED631B4}.Debug|Any CPU.ActiveCfg = Debug|Any CPU
		{7DF7D124-41D7-4F6B-AC76-15A93ED631B4}.Debug|Any CPU.Build.0 = Debug|Any CPU
		{7DF7D124-41D7-4F6B-AC76-15A93ED631B4}.Debug|x64.ActiveCfg = Debug|Any CPU
		{7DF7D124-41D7-4F6B-AC76-15A93ED631B4}.Debug|x64.Build.0 = Debug|Any CPU
		{7DF7D124-41D7-4F6B-AC76-15A93ED631B4}.Debug|x86.ActiveCfg = Debug|Any CPU
		{7DF7D124-41D7-4F6B-AC76-15A93ED631B4}.Debug|x86.Build.0 = Debug|Any CPU
		{7DF7D124-41D7-4F6B-AC76-15A93ED631B4}.Release|Any CPU.ActiveCfg = Release|Any CPU
		{7DF7D124-41D7-4F6B-AC76-15A93ED631B4}.Release|Any CPU.Build.0 = Release|Any CPU
		{7DF7D124-41D7-4F6B-AC76-15A93ED631B4}.Release|x64.ActiveCfg = Release|Any CPU
		{7DF7D124-41D7-4F6B-AC76-15A93ED631B4}.Release|x64.Build.0 = Release|Any CPU
		{7DF7D124-41D7-4F6B-AC76-15A93ED631B4}.Release|x86.ActiveCfg = Release|Any CPU
		{7DF7D124-41D7-4F6B-AC76-15A93ED631B4}.Release|x86.Build.0 = Release|Any CPU
		{85836819-D57D-4291-9C0A-F4AE6B6FA121}.Debug|Any CPU.ActiveCfg = Debug|Any CPU
		{85836819-D57D-4291-9C0A-F4AE6B6FA121}.Debug|Any CPU.Build.0 = Debug|Any CPU
		{85836819-D57D-4291-9C0A-F4AE6B6FA121}.Debug|x64.ActiveCfg = Debug|Any CPU
		{85836819-D57D-4291-9C0A-F4AE6B6FA121}.Debug|x64.Build.0 = Debug|Any CPU
		{85836819-D57D-4291-9C0A-F4AE6B6FA121}.Debug|x86.ActiveCfg = Debug|Any CPU
		{85836819-D57D-4291-9C0A-F4AE6B6FA121}.Debug|x86.Build.0 = Debug|Any CPU
		{85836819-D57D-4291-9C0A-F4AE6B6FA121}.Release|Any CPU.ActiveCfg = Release|Any CPU
		{85836819-D57D-4291-9C0A-F4AE6B6FA121}.Release|Any CPU.Build.0 = Release|Any CPU
		{85836819-D57D-4291-9C0A-F4AE6B6FA121}.Release|x64.ActiveCfg = Release|Any CPU
		{85836819-D57D-4291-9C0A-F4AE6B6FA121}.Release|x64.Build.0 = Release|Any CPU
		{85836819-D57D-4291-9C0A-F4AE6B6FA121}.Release|x86.ActiveCfg = Release|Any CPU
		{85836819-D57D-4291-9C0A-F4AE6B6FA121}.Release|x86.Build.0 = Release|Any CPU
		{AE612756-A6C0-401F-8BB7-994E9351A023}.Debug|Any CPU.ActiveCfg = Debug|Any CPU
		{AE612756-A6C0-401F-8BB7-994E9351A023}.Debug|Any CPU.Build.0 = Debug|Any CPU
		{AE612756-A6C0-401F-8BB7-994E9351A023}.Debug|x64.ActiveCfg = Debug|Any CPU
		{AE612756-A6C0-401F-8BB7-994E9351A023}.Debug|x64.Build.0 = Debug|Any CPU
		{AE612756-A6C0-401F-8BB7-994E9351A023}.Debug|x86.ActiveCfg = Debug|Any CPU
		{AE612756-A6C0-401F-8BB7-994E9351A023}.Debug|x86.Build.0 = Debug|Any CPU
		{AE612756-A6C0-401F-8BB7-994E9351A023}.Release|Any CPU.ActiveCfg = Release|Any CPU
		{AE612756-A6C0-401F-8BB7-994E9351A023}.Release|Any CPU.Build.0 = Release|Any CPU
		{AE612756-A6C0-401F-8BB7-994E9351A023}.Release|x64.ActiveCfg = Release|Any CPU
		{AE612756-A6C0-401F-8BB7-994E9351A023}.Release|x64.Build.0 = Release|Any CPU
		{AE612756-A6C0-401F-8BB7-994E9351A023}.Release|x86.ActiveCfg = Release|Any CPU
		{AE612756-A6C0-401F-8BB7-994E9351A023}.Release|x86.Build.0 = Release|Any CPU
		{9F8B797E-CA14-4B96-BEDB-FA707EA548FB}.Debug|Any CPU.ActiveCfg = Debug|Any CPU
		{9F8B797E-CA14-4B96-BEDB-FA707EA548FB}.Debug|Any CPU.Build.0 = Debug|Any CPU
		{9F8B797E-CA14-4B96-BEDB-FA707EA548FB}.Debug|x64.ActiveCfg = Debug|Any CPU
		{9F8B797E-CA14-4B96-BEDB-FA707EA548FB}.Debug|x64.Build.0 = Debug|Any CPU
		{9F8B797E-CA14-4B96-BEDB-FA707EA548FB}.Debug|x86.ActiveCfg = Debug|Any CPU
		{9F8B797E-CA14-4B96-BEDB-FA707EA548FB}.Debug|x86.Build.0 = Debug|Any CPU
		{9F8B797E-CA14-4B96-BEDB-FA707EA548FB}.Release|Any CPU.ActiveCfg = Release|Any CPU
		{9F8B797E-CA14-4B96-BEDB-FA707EA548FB}.Release|Any CPU.Build.0 = Release|Any CPU
		{9F8B797E-CA14-4B96-BEDB-FA707EA548FB}.Release|x64.ActiveCfg = Release|Any CPU
		{9F8B797E-CA14-4B96-BEDB-FA707EA548FB}.Release|x64.Build.0 = Release|Any CPU
		{9F8B797E-CA14-4B96-BEDB-FA707EA548FB}.Release|x86.ActiveCfg = Release|Any CPU
		{9F8B797E-CA14-4B96-BEDB-FA707EA548FB}.Release|x86.Build.0 = Release|Any CPU
		{4E8913FD-5686-4324-9269-C209369E4AB5}.Debug|Any CPU.ActiveCfg = Debug|Any CPU
		{4E8913FD-5686-4324-9269-C209369E4AB5}.Debug|Any CPU.Build.0 = Debug|Any CPU
		{4E8913FD-5686-4324-9269-C209369E4AB5}.Debug|x64.ActiveCfg = Debug|Any CPU
		{4E8913FD-5686-4324-9269-C209369E4AB5}.Debug|x64.Build.0 = Debug|Any CPU
		{4E8913FD-5686-4324-9269-C209369E4AB5}.Debug|x86.ActiveCfg = Debug|Any CPU
		{4E8913FD-5686-4324-9269-C209369E4AB5}.Debug|x86.Build.0 = Debug|Any CPU
		{4E8913FD-5686-4324-9269-C209369E4AB5}.Release|Any CPU.ActiveCfg = Release|Any CPU
		{4E8913FD-5686-4324-9269-C209369E4AB5}.Release|Any CPU.Build.0 = Release|Any CPU
		{4E8913FD-5686-4324-9269-C209369E4AB5}.Release|x64.ActiveCfg = Release|Any CPU
		{4E8913FD-5686-4324-9269-C209369E4AB5}.Release|x64.Build.0 = Release|Any CPU
		{4E8913FD-5686-4324-9269-C209369E4AB5}.Release|x86.ActiveCfg = Release|Any CPU
		{4E8913FD-5686-4324-9269-C209369E4AB5}.Release|x86.Build.0 = Release|Any CPU
		{2F44ACB7-4012-4D56-BF80-E3F7E932A980}.Debug|Any CPU.ActiveCfg = Debug|Any CPU
		{2F44ACB7-4012-4D56-BF80-E3F7E932A980}.Debug|Any CPU.Build.0 = Debug|Any CPU
		{2F44ACB7-4012-4D56-BF80-E3F7E932A980}.Debug|x64.ActiveCfg = Debug|Any CPU
		{2F44ACB7-4012-4D56-BF80-E3F7E932A980}.Debug|x64.Build.0 = Debug|Any CPU
		{2F44ACB7-4012-4D56-BF80-E3F7E932A980}.Debug|x86.ActiveCfg = Debug|Any CPU
		{2F44ACB7-4012-4D56-BF80-E3F7E932A980}.Debug|x86.Build.0 = Debug|Any CPU
		{2F44ACB7-4012-4D56-BF80-E3F7E932A980}.Release|Any CPU.ActiveCfg = Release|Any CPU
		{2F44ACB7-4012-4D56-BF80-E3F7E932A980}.Release|Any CPU.Build.0 = Release|Any CPU
		{2F44ACB7-4012-4D56-BF80-E3F7E932A980}.Release|x64.ActiveCfg = Release|Any CPU
		{2F44ACB7-4012-4D56-BF80-E3F7E932A980}.Release|x64.Build.0 = Release|Any CPU
		{2F44ACB7-4012-4D56-BF80-E3F7E932A980}.Release|x86.ActiveCfg = Release|Any CPU
		{2F44ACB7-4012-4D56-BF80-E3F7E932A980}.Release|x86.Build.0 = Release|Any CPU
		{18A2D09C-49D4-4FAF-907E-5FE9ABC8158F}.Debug|Any CPU.ActiveCfg = Debug|Any CPU
		{18A2D09C-49D4-4FAF-907E-5FE9ABC8158F}.Debug|Any CPU.Build.0 = Debug|Any CPU
		{18A2D09C-49D4-4FAF-907E-5FE9ABC8158F}.Debug|x64.ActiveCfg = Debug|Any CPU
		{18A2D09C-49D4-4FAF-907E-5FE9ABC8158F}.Debug|x64.Build.0 = Debug|Any CPU
		{18A2D09C-49D4-4FAF-907E-5FE9ABC8158F}.Debug|x86.ActiveCfg = Debug|Any CPU
		{18A2D09C-49D4-4FAF-907E-5FE9ABC8158F}.Debug|x86.Build.0 = Debug|Any CPU
		{18A2D09C-49D4-4FAF-907E-5FE9ABC8158F}.Release|Any CPU.ActiveCfg = Release|Any CPU
		{18A2D09C-49D4-4FAF-907E-5FE9ABC8158F}.Release|Any CPU.Build.0 = Release|Any CPU
		{18A2D09C-49D4-4FAF-907E-5FE9ABC8158F}.Release|x64.ActiveCfg = Release|Any CPU
		{18A2D09C-49D4-4FAF-907E-5FE9ABC8158F}.Release|x64.Build.0 = Release|Any CPU
		{18A2D09C-49D4-4FAF-907E-5FE9ABC8158F}.Release|x86.ActiveCfg = Release|Any CPU
		{18A2D09C-49D4-4FAF-907E-5FE9ABC8158F}.Release|x86.Build.0 = Release|Any CPU
	EndGlobalSection
	GlobalSection(SolutionProperties) = preSolution
		HideSolutionNode = FALSE
	EndGlobalSection
	GlobalSection(NestedProjects) = preSolution
		{26361785-A9EB-460E-A98C-A59BC531BFED} = {52138D27-266C-41DA-A191-E02742A972FD}
		{1F845F16-BF0D-4418-B0C9-C3E77B508AB1} = {26361785-A9EB-460E-A98C-A59BC531BFED}
		{6D72F6E5-CCCD-4F8B-901A-C8555773F8DB} = {1F845F16-BF0D-4418-B0C9-C3E77B508AB1}
		{7DF7D124-41D7-4F6B-AC76-15A93ED631B4} = {1F845F16-BF0D-4418-B0C9-C3E77B508AB1}
		{85836819-D57D-4291-9C0A-F4AE6B6FA121} = {1F845F16-BF0D-4418-B0C9-C3E77B508AB1}
		{AE612756-A6C0-401F-8BB7-994E9351A023} = {1F845F16-BF0D-4418-B0C9-C3E77B508AB1}
		{9F8B797E-CA14-4B96-BEDB-FA707EA548FB} = {1F845F16-BF0D-4418-B0C9-C3E77B508AB1}
		{4E8913FD-5686-4324-9269-C209369E4AB5} = {1F845F16-BF0D-4418-B0C9-C3E77B508AB1}
		{2F44ACB7-4012-4D56-BF80-E3F7E932A980} = {1F845F16-BF0D-4418-B0C9-C3E77B508AB1}
		{B5C53419-8494-4DF4-BECD-02A8969AD4B9} = {52138D27-266C-41DA-A191-E02742A972FD}
		{18A2D09C-49D4-4FAF-907E-5FE9ABC8158F} = {B5C53419-8494-4DF4-BECD-02A8969AD4B9}
	EndGlobalSection
	GlobalSection(ExtensibilityGlobals) = postSolution
		SolutionGuid = {9A3B3FA1-9D6D-49C5-86B5-53ADB906738E}
	EndGlobalSection
EndGlobal
